
Microsoft Visual Studio Solution File, Format Version 12.00
# Visual Studio Version 17
VisualStudioVersion = 17.0.32014.148
MinimumVisualStudioVersion = 10.0.40219.1
Project("{9A19103F-16F7-4668-BE54-9A1E7A4F7556}") = "BubbleSort", "BubbleSort\BubbleSort.csproj", "{3859F147-CBBC-4000-B413-AB0B72ED0CB1}"
EndProject
Project("{FAE04EC0-301F-11D3-BF4B-00C04F79EFBC}") = "SelectionSort", "SelectionSort\SelectionSort.csproj", "{6772218B-4AE4-4D48-BD7E-69C9DD4B7543}"
EndProject
Project("{FAE04EC0-301F-11D3-BF4B-00C04F79EFBC}") = "InsertionSort", "InsertionSort\InsertionSort.csproj", "{DF709B54-2600-4778-A650-F8DA8972F42F}"
EndProject
Project("{FAE04EC0-301F-11D3-BF4B-00C04F79EFBC}") = "BubbleSort", "01-BubbleSort\BubbleSort.csproj", "{80E58CCB-351E-464F-93BC-24CFEE9922D0}"
EndProject
Project("{FAE04EC0-301F-11D3-BF4B-00C04F79EFBC}") = "SelectionSort", "02-SelectionSort\SelectionSort.csproj", "{C75B8DDB-DDF9-4CCE-B2CC-D0FD17E8B633}"
EndProject
Project("{FAE04EC0-301F-11D3-BF4B-00C04F79EFBC}") = "InsertionSort", "03-InsertionSort\InsertionSort.csproj", "{A06980D2-8658-4202-8392-90ECF0243E8B}"
EndProject
Project("{FAE04EC0-301F-11D3-BF4B-00C04F79EFBC}") = "Recursion", "04-Recursion\Recursion.csproj", "{669D1876-3FBD-4637-ACBD-E0E8D63E3719}"
EndProject
Project("{FAE04EC0-301F-11D3-BF4B-00C04F79EFBC}") = "ShellSort", "05-ShellSort\ShellSort.csproj", "{EE4DCCB2-FA6F-4DE9-A089-08BBDDEA764A}"
EndProject
Global
	GlobalSection(SolutionConfigurationPlatforms) = preSolution
		Debug|Any CPU = Debug|Any CPU
		Release|Any CPU = Release|Any CPU
	EndGlobalSection
	GlobalSection(ProjectConfigurationPlatforms) = postSolution
		{3859F147-CBBC-4000-B413-AB0B72ED0CB1}.Debug|Any CPU.ActiveCfg = Debug|Any CPU
		{3859F147-CBBC-4000-B413-AB0B72ED0CB1}.Debug|Any CPU.Build.0 = Debug|Any CPU
		{3859F147-CBBC-4000-B413-AB0B72ED0CB1}.Release|Any CPU.ActiveCfg = Release|Any CPU
		{3859F147-CBBC-4000-B413-AB0B72ED0CB1}.Release|Any CPU.Build.0 = Release|Any CPU
		{6772218B-4AE4-4D48-BD7E-69C9DD4B7543}.Debug|Any CPU.ActiveCfg = Debug|Any CPU
		{6772218B-4AE4-4D48-BD7E-69C9DD4B7543}.Debug|Any CPU.Build.0 = Debug|Any CPU
		{6772218B-4AE4-4D48-BD7E-69C9DD4B7543}.Release|Any CPU.ActiveCfg = Release|Any CPU
		{6772218B-4AE4-4D48-BD7E-69C9DD4B7543}.Release|Any CPU.Build.0 = Release|Any CPU
		{DF709B54-2600-4778-A650-F8DA8972F42F}.Debug|Any CPU.ActiveCfg = Debug|Any CPU
		{DF709B54-2600-4778-A650-F8DA8972F42F}.Debug|Any CPU.Build.0 = Debug|Any CPU
		{DF709B54-2600-4778-A650-F8DA8972F42F}.Release|Any CPU.ActiveCfg = Release|Any CPU
		{DF709B54-2600-4778-A650-F8DA8972F42F}.Release|Any CPU.Build.0 = Release|Any CPU
		{80E58CCB-351E-464F-93BC-24CFEE9922D0}.Debug|Any CPU.ActiveCfg = Debug|Any CPU
		{80E58CCB-351E-464F-93BC-24CFEE9922D0}.Debug|Any CPU.Build.0 = Debug|Any CPU
		{80E58CCB-351E-464F-93BC-24CFEE9922D0}.Release|Any CPU.ActiveCfg = Release|Any CPU
		{80E58CCB-351E-464F-93BC-24CFEE9922D0}.Release|Any CPU.Build.0 = Release|Any CPU
		{C75B8DDB-DDF9-4CCE-B2CC-D0FD17E8B633}.Debug|Any CPU.ActiveCfg = Debug|Any CPU
		{C75B8DDB-DDF9-4CCE-B2CC-D0FD17E8B633}.Debug|Any CPU.Build.0 = Debug|Any CPU
		{C75B8DDB-DDF9-4CCE-B2CC-D0FD17E8B633}.Release|Any CPU.ActiveCfg = Release|Any CPU
		{C75B8DDB-DDF9-4CCE-B2CC-D0FD17E8B633}.Release|Any CPU.Build.0 = Release|Any CPU
		{A06980D2-8658-4202-8392-90ECF0243E8B}.Debug|Any CPU.ActiveCfg = Debug|Any CPU
		{A06980D2-8658-4202-8392-90ECF0243E8B}.Debug|Any CPU.Build.0 = Debug|Any CPU
		{A06980D2-8658-4202-8392-90ECF0243E8B}.Release|Any CPU.ActiveCfg = Release|Any CPU
		{A06980D2-8658-4202-8392-90ECF0243E8B}.Release|Any CPU.Build.0 = Release|Any CPU
		{669D1876-3FBD-4637-ACBD-E0E8D63E3719}.Debug|Any CPU.ActiveCfg = Debug|Any CPU
		{669D1876-3FBD-4637-ACBD-E0E8D63E3719}.Debug|Any CPU.Build.0 = Debug|Any CPU
		{669D1876-3FBD-4637-ACBD-E0E8D63E3719}.Release|Any CPU.ActiveCfg = Release|Any CPU
		{669D1876-3FBD-4637-ACBD-E0E8D63E3719}.Release|Any CPU.Build.0 = Release|Any CPU
		{EE4DCCB2-FA6F-4DE9-A089-08BBDDEA764A}.Debug|Any CPU.ActiveCfg = Debug|Any CPU
		{EE4DCCB2-FA6F-4DE9-A089-08BBDDEA764A}.Debug|Any CPU.Build.0 = Debug|Any CPU
		{EE4DCCB2-FA6F-4DE9-A089-08BBDDEA764A}.Release|Any CPU.ActiveCfg = Release|Any CPU
		{EE4DCCB2-FA6F-4DE9-A089-08BBDDEA764A}.Release|Any CPU.Build.0 = Release|Any CPU
	EndGlobalSection
	GlobalSection(SolutionProperties) = preSolution
		HideSolutionNode = FALSE
	EndGlobalSection
	GlobalSection(ExtensibilityGlobals) = postSolution
		SolutionGuid = {93D65940-A624-4386-BB5A-81F39F6FCC2C}
	EndGlobalSection
EndGlobal
